{
  "requires": true,
  "lockfileVersion": 1,
  "dependencies": {
    "@types/angular": {
      "version": "1.6.51",
      "resolved": "https://registry.npmjs.org/@types/angular/-/angular-1.6.51.tgz",
      "integrity": "sha512-wYU+/zlJWih7ZmonWVjGQ18tG7GboI9asMNjRBM5fpIFJWXSioQttCTw9qGL44cP82ghM8sCV9apEqm1zBDq2w=="
    },
    "angular": {
      "version": "1.7.5",
      "resolved": "https://registry.npmjs.org/angular/-/angular-1.7.5.tgz",
      "integrity": "sha512-760183yxtGzni740IBTieNuWLtPNAoMqvmC0Z62UoU0I3nqk+VJuO3JbQAXOyvo3Oy/ZsdNQwrSTh/B0OQZjNw=="
    },
    "angular-animate": {
      "version": "1.7.5",
      "resolved": "https://registry.npmjs.org/angular-animate/-/angular-animate-1.7.5.tgz",
      "integrity": "sha512-kU/fHIGf2a4a3bH7E1tzALTHk+QfoUSCK9fEcMFisd6ZWvNDwPzXWAilItqOC3EDiAXPmGHaNc9/aXiD9xrAxQ=="
    },
    "angular-local-storage": {
      "version": "0.7.1",
      "resolved": "https://registry.npmjs.org/angular-local-storage/-/angular-local-storage-0.7.1.tgz",
      "integrity": "sha1-+9JzB2PCn6mvVyXgGGx4BiHozdI="
    },
    "angular-md5": {
      "version": "0.1.10",
      "resolved": "https://registry.npmjs.org/angular-md5/-/angular-md5-0.1.10.tgz",
      "integrity": "sha1-fLbH1cHQQB/+mHGhF4SfA8LMSGM="
    },
    "angular-messages": {
      "version": "1.7.5",
      "resolved": "https://registry.npmjs.org/angular-messages/-/angular-messages-1.7.5.tgz",
      "integrity": "sha512-YDpJpFLyrIgZjE/sIAjgww1y6r3QqXBJbNDI0QjftD37vHXLkwvAOo3A4bxPw8BikyGLcJrFrgf6hRAzntJIWA=="
    },
    "angular-route": {
      "version": "1.7.5",
      "resolved": "https://registry.npmjs.org/angular-route/-/angular-route-1.7.5.tgz",
      "integrity": "sha512-7KfyEVVOWTI+jTY/j5rUNCIHGRyeCOx7YqZI/Ci3IbDK7GIsy6xH+hS5ai0Xi0sLjzDZ0PUDO4gBn+K0dVtlOg=="
    },
    "angular-sanitize": {
      "version": "1.7.5",
      "resolved": "https://registry.npmjs.org/angular-sanitize/-/angular-sanitize-1.7.5.tgz",
      "integrity": "sha512-wjKCJOIwrkEvfD0keTnKGi6We13gtoCAQIHcdoqyoo3gwvcgNfYymVQIS3+iCGVcjfWz0jHuS3KgB4ysRWsTTA=="
    },
    "angular-touch": {
      "version": "1.7.8",
      "resolved": "https://registry.npmjs.org/angular-touch/-/angular-touch-1.7.8.tgz",
      "integrity": "sha512-YCpirIDueMIRJfSZg0glzqTfr3HyGx0/DeZorN3TkFelYj0YwxvwldQm2NcqpQR3SNfEj7ZbkcrXl1ekTILQOw=="
    },
    "jquery": {
      "version": "3.3.1",
      "resolved": "https://registry.npmjs.org/jquery/-/jquery-3.3.1.tgz",
      "integrity": "sha512-Ubldcmxp5np52/ENotGxlLe6aGMvmF4R8S6tZjsP6Knsaxd/xp3Zrh50cG93lR6nPXyUFwzN3ZSOQI0wRJNdGg=="
    },
    "parse-bearer-token": {
      "version": "1.0.0",
      "resolved": "https://registry.npmjs.org/parse-bearer-token/-/parse-bearer-token-1.0.0.tgz",
      "integrity": "sha512-TkRmzU0IcsZaQFcwdBnDv8TraKcsIcOcQ0Lmj7f0tZhbyUv7k0Y3euwue74ZeD4gf6dFugQfVqmQleu5LEAYww=="
    },
    "signalr": {
      "version": "2.4.1",
      "resolved": "https://registry.npmjs.org/signalr/-/signalr-2.4.1.tgz",
      "integrity": "sha512-HhIcA9kOE9WBs/DPHd+9jN90GDeSD7RRAETcmxn80laDBQmkQeHblzGBNw4rBzn1behe2WiFYQcbKyx11H3ADw==",
      "requires": {
        "jquery": ">=1.6.4"
      }
    }
  }
}
